// !$*UTF8*$!
{
	archiveVersion = 1;
	classes = {
	};
	objectVersion = 55;
	objects = {

/* Begin PBXBuildFile section */
		9A8F0595293BE34600898048 /* SnapsViewController.swift in Sources */ = {isa = PBXBuildFile; fileRef = 9A8F0594293BE34600898048 /* SnapsViewController.swift */; };
		9A8F0597293BE36000898048 /* FotoViewController.swift in Sources */ = {isa = PBXBuildFile; fileRef = 9A8F0596293BE36000898048 /* FotoViewController.swift */; };
		9A9581FE2932E30600A78590 /* AppDelegate.swift in Sources */ = {isa = PBXBuildFile; fileRef = 9A9581FD2932E30600A78590 /* AppDelegate.swift */; };
		9A9582002932E30600A78590 /* SceneDelegate.swift in Sources */ = {isa = PBXBuildFile; fileRef = 9A9581FF2932E30600A78590 /* SceneDelegate.swift */; };
		9A9582022932E30600A78590 /* ViewController.swift in Sources */ = {isa = PBXBuildFile; fileRef = 9A9582012932E30600A78590 /* ViewController.swift */; };
		9A9582052932E30600A78590 /* Main.storyboard in Resources */ = {isa = PBXBuildFile; fileRef = 9A9582032932E30600A78590 /* Main.storyboard */; };
		9A9582072932E30800A78590 /* Assets.xcassets in Resources */ = {isa = PBXBuildFile; fileRef = 9A9582062932E30800A78590 /* Assets.xcassets */; };
		9A95820A2932E30800A78590 /* LaunchScreen.storyboard in Resources */ = {isa = PBXBuildFile; fileRef = 9A9582082932E30800A78590 /* LaunchScreen.storyboard */; };
		9A9582122932E75B00A78590 /* GoogleService-Info.plist in Resources */ = {isa = PBXBuildFile; fileRef = 9A9582112932E75B00A78590 /* GoogleService-Info.plist */; };
		9A9582142932FE4800A78590 /* EntrarViewController.swift in Sources */ = {isa = PBXBuildFile; fileRef = 9A9582132932FE4800A78590 /* EntrarViewController.swift */; };
		9A9582162932FE8000A78590 /* CadastroViewController.swift in Sources */ = {isa = PBXBuildFile; fileRef = 9A9582152932FE8000A78590 /* CadastroViewController.swift */; };
		9A9C5DE4293EC1F500E5492C /* Alerta.swift in Sources */ = {isa = PBXBuildFile; fileRef = 9A9C5DE3293EC1F500E5492C /* Alerta.swift */; };
		E784CE5655FF0E3E88BA05D4 /* Pods_Snapchat.framework in Frameworks */ = {isa = PBXBuildFile; fileRef = D3A1F27429BEBA2FBBFCB1FF /* Pods_Snapchat.framework */; };
/* End PBXBuildFile section */

/* Begin PBXFileReference section */
		0579FCDCC51476ECE74DBF7D /* Pods-Snapchat.debug.xcconfig */ = {isa = PBXFileReference; includeInIndex = 1; lastKnownFileType = text.xcconfig; name = "Pods-Snapchat.debug.xcconfig"; path = "Target Support Files/Pods-Snapchat/Pods-Snapchat.debug.xcconfig"; sourceTree = "<group>"; };
		1233331EADDF69A27D48EEFA /* Pods-Snapchat.release.xcconfig */ = {isa = PBXFileReference; includeInIndex = 1; lastKnownFileType = text.xcconfig; name = "Pods-Snapchat.release.xcconfig"; path = "Target Support Files/Pods-Snapchat/Pods-Snapchat.release.xcconfig"; sourceTree = "<group>"; };
		9A8F0594293BE34600898048 /* SnapsViewController.swift */ = {isa = PBXFileReference; lastKnownFileType = sourcecode.swift; path = SnapsViewController.swift; sourceTree = "<group>"; };
		9A8F0596293BE36000898048 /* FotoViewController.swift */ = {isa = PBXFileReference; lastKnownFileType = sourcecode.swift; path = FotoViewController.swift; sourceTree = "<group>"; };
		9A9581FA2932E30600A78590 /* Snapchat.app */ = {isa = PBXFileReference; explicitFileType = wrapper.application; includeInIndex = 0; path = Snapchat.app; sourceTree = BUILT_PRODUCTS_DIR; };
		9A9581FD2932E30600A78590 /* AppDelegate.swift */ = {isa = PBXFileReference; lastKnownFileType = sourcecode.swift; path = AppDelegate.swift; sourceTree = "<group>"; };
		9A9581FF2932E30600A78590 /* SceneDelegate.swift */ = {isa = PBXFileReference; lastKnownFileType = sourcecode.swift; path = SceneDelegate.swift; sourceTree = "<group>"; };
		9A9582012932E30600A78590 /* ViewController.swift */ = {isa = PBXFileReference; lastKnownFileType = sourcecode.swift; path = ViewController.swift; sourceTree = "<group>"; };
		9A9582042932E30600A78590 /* Base */ = {isa = PBXFileReference; lastKnownFileType = file.storyboard; name = Base; path = Base.lproj/Main.storyboard; sourceTree = "<group>"; };
		9A9582062932E30800A78590 /* Assets.xcassets */ = {isa = PBXFileReference; lastKnownFileType = folder.assetcatalog; path = Assets.xcassets; sourceTree = "<group>"; };
		9A9582092932E30800A78590 /* Base */ = {isa = PBXFileReference; lastKnownFileType = file.storyboard; name = Base; path = Base.lproj/LaunchScreen.storyboard; sourceTree = "<group>"; };
		9A95820B2932E30800A78590 /* Info.plist */ = {isa = PBXFileReference; lastKnownFileType = text.plist.xml; path = Info.plist; sourceTree = "<group>"; };
		9A9582112932E75B00A78590 /* GoogleService-Info.plist */ = {isa = PBXFileReference; fileEncoding = 4; lastKnownFileType = text.plist.xml; path = "GoogleService-Info.plist"; sourceTree = "<group>"; };
		9A9582132932FE4800A78590 /* EntrarViewController.swift */ = {isa = PBXFileReference; lastKnownFileType = sourcecode.swift; path = EntrarViewController.swift; sourceTree = "<group>"; };
		9A9582152932FE8000A78590 /* CadastroViewController.swift */ = {isa = PBXFileReference; lastKnownFileType = sourcecode.swift; path = CadastroViewController.swift; sourceTree = "<group>"; };
		9A9C5DE3293EC1F500E5492C /* Alerta.swift */ = {isa = PBXFileReference; lastKnownFileType = sourcecode.swift; path = Alerta.swift; sourceTree = "<group>"; };
		D3A1F27429BEBA2FBBFCB1FF /* Pods_Snapchat.framework */ = {isa = PBXFileReference; explicitFileType = wrapper.framework; includeInIndex = 0; path = Pods_Snapchat.framework; sourceTree = BUILT_PRODUCTS_DIR; };
/* End PBXFileReference section */

/* Begin PBXFrameworksBuildPhase section */
		9A9581F72932E30600A78590 /* Frameworks */ = {
			isa = PBXFrameworksBuildPhase;
			buildActionMask = 2147483647;
			files = (
				E784CE5655FF0E3E88BA05D4 /* Pods_Snapchat.framework in Frameworks */,
			);
			runOnlyForDeploymentPostprocessing = 0;
		};
/* End PBXFrameworksBuildPhase section */

/* Begin PBXGroup section */
		3ED78C6DCDD7DB0624BA8366 /* Pods */ = {
			isa = PBXGroup;
			children = (
				0579FCDCC51476ECE74DBF7D /* Pods-Snapchat.debug.xcconfig */,
				1233331EADDF69A27D48EEFA /* Pods-Snapchat.release.xcconfig */,
			);
			path = Pods;
			sourceTree = "<group>";
		};
		55A642147FADE1ABE134223E /* Frameworks */ = {
			isa = PBXGroup;
			children = (
				D3A1F27429BEBA2FBBFCB1FF /* Pods_Snapchat.framework */,
			);
			name = Frameworks;
			sourceTree = "<group>";
		};
		9A9581F12932E30600A78590 = {
			isa = PBXGroup;
			children = (
				9A9581FC2932E30600A78590 /* Snapchat */,
				9A9581FB2932E30600A78590 /* Products */,
				3ED78C6DCDD7DB0624BA8366 /* Pods */,
				55A642147FADE1ABE134223E /* Frameworks */,
			);
			sourceTree = "<group>";
		};
		9A9581FB2932E30600A78590 /* Products */ = {
			isa = PBXGroup;
			children = (
				9A9581FA2932E30600A78590 /* Snapchat.app */,
			);
			name = Products;
			sourceTree = "<group>";
		};
		9A9581FC2932E30600A78590 /* Snapchat */ = {
			isa = PBXGroup;
			children = (
				9A9C5DE2293EC17200E5492C /* Models */,
				9A9C5DE1293EC13300E5492C /* ViewControllers */,
				9A9581FD2932E30600A78590 /* AppDelegate.swift */,
				9A9581FF2932E30600A78590 /* SceneDelegate.swift */,
				9A9582032932E30600A78590 /* Main.storyboard */,
				9A9582062932E30800A78590 /* Assets.xcassets */,
				9A9582082932E30800A78590 /* LaunchScreen.storyboard */,
				9A95820B2932E30800A78590 /* Info.plist */,
				9A9582112932E75B00A78590 /* GoogleService-Info.plist */,
			);
			path = Snapchat;
			sourceTree = "<group>";
		};
		9A9C5DE1293EC13300E5492C /* ViewControllers */ = {
			isa = PBXGroup;
			children = (
				9A9582012932E30600A78590 /* ViewController.swift */,
				9A9582132932FE4800A78590 /* EntrarViewController.swift */,
				9A9582152932FE8000A78590 /* CadastroViewController.swift */,
				9A8F0594293BE34600898048 /* SnapsViewController.swift */,
				9A8F0596293BE36000898048 /* FotoViewController.swift */,
			);
			path = ViewControllers;
			sourceTree = "<group>";
		};
		9A9C5DE2293EC17200E5492C /* Models */ = {
			isa = PBXGroup;
			children = (
				9A9C5DE3293EC1F500E5492C /* Alerta.swift */,
			);
			path = Models;
			sourceTree = "<group>";
		};
/* End PBXGroup section */

/* Begin PBXNativeTarget section */
		9A9581F92932E30600A78590 /* Snapchat */ = {
			isa = PBXNativeTarget;
			buildConfigurationList = 9A95820E2932E30800A78590 /* Build configuration list for PBXNativeTarget "Snapchat" */;
			buildPhases = (
				1BB8F7244291AC32823E7609 /* [CP] Check Pods Manifest.lock */,
				9A9581F62932E30600A78590 /* Sources */,
				9A9581F72932E30600A78590 /* Frameworks */,
				9A9581F82932E30600A78590 /* Resources */,
				061B907004935DB159DAF812 /* [CP] Embed Pods Frameworks */,
			);
			buildRules = (
			);
			dependencies = (
			);
			name = Snapchat;
			productName = Snapchat;
			productReference = 9A9581FA2932E30600A78590 /* Snapchat.app */;
			productType = "com.apple.product-type.application";
		};
/* End PBXNativeTarget section */

/* Begin PBXProject section */
		9A9581F22932E30600A78590 /* Project object */ = {
			isa = PBXProject;
			attributes = {
				BuildIndependentTargetsInParallel = 1;
				LastSwiftUpdateCheck = 1340;
				LastUpgradeCheck = 1340;
				TargetAttributes = {
					9A9581F92932E30600A78590 = {
						CreatedOnToolsVersion = 13.4;
					};
				};
			};
			buildConfigurationList = 9A9581F52932E30600A78590 /* Build configuration list for PBXProject "Snapchat" */;
			compatibilityVersion = "Xcode 13.0";
			developmentRegion = en;
			hasScannedForEncodings = 0;
			knownRegions = (
				en,
				Base,
			);
			mainGroup = 9A9581F12932E30600A78590;
			productRefGroup = 9A9581FB2932E30600A78590 /* Products */;
			projectDirPath = "";
			projectRoot = "";
			targets = (
				9A9581F92932E30600A78590 /* Snapchat */,
			);
		};
/* End PBXProject section */

/* Begin PBXResourcesBuildPhase section */
		9A9581F82932E30600A78590 /* Resources */ = {
			isa = PBXResourcesBuildPhase;
			buildActionMask = 2147483647;
			files = (
				9A95820A2932E30800A78590 /* LaunchScreen.storyboard in Resources */,
				9A9582072932E30800A78590 /* Assets.xcassets in Resources */,
				9A9582052932E30600A78590 /* Main.storyboard in Resources */,
				9A9582122932E75B00A78590 /* GoogleService-Info.plist in Resources */,
			);
			runOnlyForDeploymentPostprocessing = 0;
		};
/* End PBXResourcesBuildPhase section */

/* Begin PBXShellScriptBuildPhase section */
		061B907004935DB159DAF812 /* [CP] Embed Pods Frameworks */ = {
			isa = PBXShellScriptBuildPhase;
			buildActionMask = 2147483647;
			files = (
			);
			inputFileListPaths = (
				"${PODS_ROOT}/Target Support Files/Pods-Snapchat/Pods-Snapchat-frameworks-${CONFIGURATION}-input-files.xcfilelist",
			);
			name = "[CP] Embed Pods Frameworks";
			outputFileListPaths = (
				"${PODS_ROOT}/Target Support Files/Pods-Snapchat/Pods-Snapchat-frameworks-${CONFIGURATION}-output-files.xcfilelist",
			);
			runOnlyForDeploymentPostprocessing = 0;
			shellPath = /bin/sh;
			shellScript = "\"${PODS_ROOT}/Target Support Files/Pods-Snapchat/Pods-Snapchat-frameworks.sh\"\n";
			showEnvVarsInLog = 0;
		};
		1BB8F7244291AC32823E7609 /* [CP] Check Pods Manifest.lock */ = {
			isa = PBXShellScriptBuildPhase;
			buildActionMask = 2147483647;
			files = (
			);
			inputFileListPaths = (
			);
			inputPaths = (
				"${PODS_PODFILE_DIR_PATH}/Podfile.lock",
				"${PODS_ROOT}/Manifest.lock",
			);
			name = "[CP] Check Pods Manifest.lock";
			outputFileListPaths = (
			);
			outputPaths = (
				"$(DERIVED_FILE_DIR)/Pods-Snapchat-checkManifestLockResult.txt",
			);
			runOnlyForDeploymentPostprocessing = 0;
			shellPath = /bin/sh;
			shellScript = "diff \"${PODS_PODFILE_DIR_PATH}/Podfile.lock\" \"${PODS_ROOT}/Manifest.lock\" > /dev/null\nif [ $? != 0 ] ; then\n    # print error to STDERR\n    echo \"error: The sandbox is not in sync with the Podfile.lock. Run 'pod install' or update your CocoaPods installation.\" >&2\n    exit 1\nfi\n# This output is used by Xcode 'outputs' to avoid re-running this script phase.\necho \"SUCCESS\" > \"${SCRIPT_OUTPUT_FILE_0}\"\n";
			showEnvVarsInLog = 0;
		};
/* End PBXShellScriptBuildPhase section */

/* Begin PBXSourcesBuildPhase section */
		9A9581F62932E30600A78590 /* Sources */ = {
			isa = PBXSourcesBuildPhase;
			buildActionMask = 2147483647;
			files = (
				9A9C5DE4293EC1F500E5492C /* Alerta.swift in Sources */,
				9A9582142932FE4800A78590 /* EntrarViewController.swift in Sources */,
				9A8F0597293BE36000898048 /* FotoViewController.swift in Sources */,
				9A9582022932E30600A78590 /* ViewController.swift in Sources */,
				9A8F0595293BE34600898048 /* SnapsViewController.swift in Sources */,
				9A9581FE2932E30600A78590 /* AppDelegate.swift in Sources */,
				9A9582162932FE8000A78590 /* CadastroViewController.swift in Sources */,
				9A9582002932E30600A78590 /* SceneDelegate.swift in Sources */,
			);
			runOnlyForDeploymentPostprocessing = 0;
		};
/* End PBXSourcesBuildPhase section */

/* Begin PBXVariantGroup section */
		9A9582032932E30600A78590 /* Main.storyboard */ = {
			isa = PBXVariantGroup;
			children = (
				9A9582042932E30600A78590 /* Base */,
			);
			name = Main.storyboard;
			sourceTree = "<group>";
		};
		9A9582082932E30800A78590 /* LaunchScreen.storyboard */ = {
			isa = PBXVariantGroup;
			children = (
				9A9582092932E30800A78590 /* Base */,
			);
			name = LaunchScreen.storyboard;
			sourceTree = "<group>";
		};
/* End PBXVariantGroup section */

/* Begin XCBuildConfiguration section */
		9A95820C2932E30800A78590 /* Debug */ = {
			isa = XCBuildConfiguration;
			buildSettings = {
				ALWAYS_SEARCH_USER_PATHS = NO;
				CLANG_ANALYZER_NONNULL = YES;
				CLANG_ANALYZER_NUMBER_OBJECT_CONVERSION = YES_AGGRESSIVE;
				CLANG_CXX_LANGUAGE_STANDARD = "gnu++17";
				CLANG_ENABLE_MODULES = YES;
				CLANG_ENABLE_OBJC_ARC = YES;
				CLANG_ENABLE_OBJC_WEAK = YES;
				CLANG_WARN_BLOCK_CAPTURE_AUTORELEASING = YES;
				CLANG_WARN_BOOL_CONVERSION = YES;
				CLANG_WARN_COMMA = YES;
				CLANG_WARN_CONSTANT_CONVERSION = YES;
				CLANG_WARN_DEPRECATED_OBJC_IMPLEMENTATIONS = YES;
				CLANG_WARN_DIRECT_OBJC_ISA_USAGE = YES_ERROR;
				CLANG_WARN_DOCUMENTATION_COMMENTS = YES;
				CLANG_WARN_EMPTY_BODY = YES;
				CLANG_WARN_ENUM_CONVERSION = YES;
				CLANG_WARN_INFINITE_RECURSION = YES;
				CLANG_WARN_INT_CONVERSION = YES;
				CLANG_WARN_NON_LITERAL_NULL_CONVERSION = YES;
				CLANG_WARN_OBJC_IMPLICIT_RETAIN_SELF = YES;
				CLANG_WARN_OBJC_LITERAL_CONVERSION = YES;
				CLANG_WARN_OBJC_ROOT_CLASS = YES_ERROR;
				CLANG_WARN_QUOTED_INCLUDE_IN_FRAMEWORK_HEADER = YES;
				CLANG_WARN_RANGE_LOOP_ANALYSIS = YES;
				CLANG_WARN_STRICT_PROTOTYPES = YES;
				CLANG_WARN_SUSPICIOUS_MOVE = YES;
				CLANG_WARN_UNGUARDED_AVAILABILITY = YES_AGGRESSIVE;
				CLANG_WARN_UNREACHABLE_CODE = YES;
				CLANG_WARN__DUPLICATE_METHOD_MATCH = YES;
				COPY_PHASE_STRIP = NO;
				DEBUG_INFORMATION_FORMAT = dwarf;
				ENABLE_STRICT_OBJC_MSGSEND = YES;
				ENABLE_TESTABILITY = YES;
				GCC_C_LANGUAGE_STANDARD = gnu11;
				GCC_DYNAMIC_NO_PIC = NO;
				GCC_NO_COMMON_BLOCKS = YES;
				GCC_OPTIMIZATION_LEVEL = 0;
				GCC_PREPROCESSOR_DEFINITIONS = (
					"DEBUG=1",
					"$(inherited)",
				);
				GCC_WARN_64_TO_32_BIT_CONVERSION = YES;
				GCC_WARN_ABOUT_RETURN_TYPE = YES_ERROR;
				GCC_WARN_UNDECLARED_SELECTOR = YES;
				GCC_WARN_UNINITIALIZED_AUTOS = YES_AGGRESSIVE;
				GCC_WARN_UNUSED_FUNCTION = YES;
				GCC_WARN_UNUSED_VARIABLE = YES;
				IPHONEOS_DEPLOYMENT_TARGET = 15.5;
				MTL_ENABLE_DEBUG_INFO = INCLUDE_SOURCE;
				MTL_FAST_MATH = YES;
				ONLY_ACTIVE_ARCH = YES;
				SDKROOT = iphoneos;
				SWIFT_ACTIVE_COMPILATION_CONDITIONS = DEBUG;
				SWIFT_OPTIMIZATION_LEVEL = "-Onone";
			};
			name = Debug;
		};
		9A95820D2932E30800A78590 /* Release */ = {
			isa = XCBuildConfiguration;
			buildSettings = {
				ALWAYS_SEARCH_USER_PATHS = NO;
				CLANG_ANALYZER_NONNULL = YES;
				CLANG_ANALYZER_NUMBER_OBJECT_CONVERSION = YES_AGGRESSIVE;
				CLANG_CXX_LANGUAGE_STANDARD = "gnu++17";
				CLANG_ENABLE_MODULES = YES;
				CLANG_ENABLE_OBJC_ARC = YES;
				CLANG_ENABLE_OBJC_WEAK = YES;
				CLANG_WARN_BLOCK_CAPTURE_AUTORELEASING = YES;
				CLANG_WARN_BOOL_CONVERSION = YES;
				CLANG_WARN_COMMA = YES;
				CLANG_WARN_CONSTANT_CONVERSION = YES;
				CLANG_WARN_DEPRECATED_OBJC_IMPLEMENTATIONS = YES;
				CLANG_WARN_DIRECT_OBJC_ISA_USAGE = YES_ERROR;
				CLANG_WARN_DOCUMENTATION_COMMENTS = YES;
				CLANG_WARN_EMPTY_BODY = YES;
				CLANG_WARN_ENUM_CONVERSION = YES;
				CLANG_WARN_INFINITE_RECURSION = YES;
				CLANG_WARN_INT_CONVERSION = YES;
				CLANG_WARN_NON_LITERAL_NULL_CONVERSION = YES;
				CLANG_WARN_OBJC_IMPLICIT_RETAIN_SELF = YES;
				CLANG_WARN_OBJC_LITERAL_CONVERSION = YES;
				CLANG_WARN_OBJC_ROOT_CLASS = YES_ERROR;
				CLANG_WARN_QUOTED_INCLUDE_IN_FRAMEWORK_HEADER = YES;
				CLANG_WARN_RANGE_LOOP_ANALYSIS = YES;
				CLANG_WARN_STRICT_PROTOTYPES = YES;
				CLANG_WARN_SUSPICIOUS_MOVE = YES;
				CLANG_WARN_UNGUARDED_AVAILABILITY = YES_AGGRESSIVE;
				CLANG_WARN_UNREACHABLE_CODE = YES;
				CLANG_WARN__DUPLICATE_METHOD_MATCH = YES;
				COPY_PHASE_STRIP = NO;
				DEBUG_INFORMATION_FORMAT = "dwarf-with-dsym";
				ENABLE_NS_ASSERTIONS = NO;
				ENABLE_STRICT_OBJC_MSGSEND = YES;
				GCC_C_LANGUAGE_STANDARD = gnu11;
				GCC_NO_COMMON_BLOCKS = YES;
				GCC_WARN_64_TO_32_BIT_CONVERSION = YES;
				GCC_WARN_ABOUT_RETURN_TYPE = YES_ERROR;
				GCC_WARN_UNDECLARED_SELECTOR = YES;
				GCC_WARN_UNINITIALIZED_AUTOS = YES_AGGRESSIVE;
				GCC_WARN_UNUSED_FUNCTION = YES;
				GCC_WARN_UNUSED_VARIABLE = YES;
				IPHONEOS_DEPLOYMENT_TARGET = 15.5;
				MTL_ENABLE_DEBUG_INFO = NO;
				MTL_FAST_MATH = YES;
				SDKROOT = iphoneos;
				SWIFT_COMPILATION_MODE = wholemodule;
				SWIFT_OPTIMIZATION_LEVEL = "-O";
				VALIDATE_PRODUCT = YES;
			};
			name = Release;
		};
		9A95820F2932E30800A78590 /* Debug */ = {
			isa = XCBuildConfiguration;
			baseConfigurationReference = 0579FCDCC51476ECE74DBF7D /* Pods-Snapchat.debug.xcconfig */;
			buildSettings = {
				ASSETCATALOG_COMPILER_APPICON_NAME = AppIcon;
				ASSETCATALOG_COMPILER_GLOBAL_ACCENT_COLOR_NAME = AccentColor;
				CODE_SIGN_STYLE = Automatic;
				CURRENT_PROJECT_VERSION = 1;
				DEVELOPMENT_TEAM = Q2Y935SZD5;
				GENERATE_INFOPLIST_FILE = YES;
				INFOPLIST_FILE = Snapchat/Info.plist;
				INFOPLIST_KEY_UIApplicationSupportsIndirectInputEvents = YES;
				INFOPLIST_KEY_UILaunchStoryboardName = LaunchScreen;
				INFOPLIST_KEY_UIMainStoryboardFile = Main;
				INFOPLIST_KEY_UISupportedInterfaceOrientations = UIInterfaceOrientationPortrait;
				INFOPLIST_KEY_UISupportedInterfaceOrientations_iPad = "UIInterfaceOrientationPortrait UIInterfaceOrientationPortraitUpsideDown UIInterfaceOrientationLandscapeLeft UIInterfaceOrientationLandscapeRight";
				INFOPLIST_KEY_UISupportedInterfaceOrientations_iPhone = "UIInterfaceOrientationPortrait UIInterfaceOrientationLandscapeLeft UIInterfaceOrientationLandscapeRight";
				LD_RUNPATH_SEARCH_PATHS = (
					"$(inherited)",
					"@executable_path/Frameworks",
				);
				MARKETING_VERSION = 1.0;
				PRODUCT_BUNDLE_IDENTIFIER = com.josebe.Snapchat;
				PRODUCT_NAME = "$(TARGET_NAME)";
				SWIFT_EMIT_LOC_STRINGS = YES;
				SWIFT_VERSION = 5.0;
				TARGETED_DEVICE_FAMILY = "1,2";
			};
			name = Debug;
		};
		9A9582102932E30800A78590 /* Release */ = {
			isa = XCBuildConfiguration;
			baseConfigurationReference = 1233331EADDF69A27D48EEFA /* Pods-Snapchat.release.xcconfig */;
			buildSettings = {
				ASSETCATALOG_COMPILER_APPICON_NAME = AppIcon;
				ASSETCATALOG_COMPILER_GLOBAL_ACCENT_COLOR_NAME = AccentColor;
				CODE_SIGN_STYLE = Automatic;
				CURRENT_PROJECT_VERSION = 1;
				DEVELOPMENT_TEAM = Q2Y935SZD5;
				GENERATE_INFOPLIST_FILE = YES;
				INFOPLIST_FILE = Snapchat/Info.plist;
				INFOPLIST_KEY_UIApplicationSupportsIndirectInputEvents = YES;
				INFOPLIST_KEY_UILaunchStoryboardName = LaunchScreen;
				INFOPLIST_KEY_UIMainStoryboardFile = Main;
				INFOPLIST_KEY_UISupportedInterfaceOrientations = UIInterfaceOrientationPortrait;
				INFOPLIST_KEY_UISupportedInterfaceOrientations_iPad = "UIInterfaceOrientationPortrait UIInterfaceOrientationPortraitUpsideDown UIInterfaceOrientationLandscapeLeft UIInterfaceOrientationLandscapeRight";
				INFOPLIST_KEY_UISupportedInterfaceOrientations_iPhone = "UIInterfaceOrientationPortrait UIInterfaceOrientationLandscapeLeft UIInterfaceOrientationLandscapeRight";
				LD_RUNPATH_SEARCH_PATHS = (
					"$(inherited)",
					"@executable_path/Frameworks",
				);
				MARKETING_VERSION = 1.0;
				PRODUCT_BUNDLE_IDENTIFIER = com.josebe.Snapchat;
				PRODUCT_NAME = "$(TARGET_NAME)";
				SWIFT_EMIT_LOC_STRINGS = YES;
				SWIFT_VERSION = 5.0;
				TARGETED_DEVICE_FAMILY = "1,2";
			};
			name = Release;
		};
/* End XCBuildConfiguration section */

/* Begin XCConfigurationList section */
		9A9581F52932E30600A78590 /* Build configuration list for PBXProject "Snapchat" */ = {
			isa = XCConfigurationList;
			buildConfigurations = (
				9A95820C2932E30800A78590 /* Debug */,
				9A95820D2932E30800A78590 /* Release */,
			);
			defaultConfigurationIsVisible = 0;
			defaultConfigurationName = Release;
		};
		9A95820E2932E30800A78590 /* Build configuration list for PBXNativeTarget "Snapchat" */ = {
			isa = XCConfigurationList;
			buildConfigurations = (
				9A95820F2932E30800A78590 /* Debug */,
				9A9582102932E30800A78590 /* Release */,
			);
			defaultConfigurationIsVisible = 0;
			defaultConfigurationName = Release;
		};
/* End XCConfigurationList section */
	};
	rootObject = 9A9581F22932E30600A78590 /* Project object */;
}
